
Microsoft Visual Studio Solution File, Format Version 12.00
# Visual Studio Version 16
VisualStudioVersion = 16.0.31410.357
MinimumVisualStudioVersion = 10.0.40219.1
Project("{FAE04EC0-301F-11D3-BF4B-00C04F79EFBC}") = "C_Sharp", "C_Sharp.csproj", "{CDC36BF2-FA4F-497C-B7F8-27EC3C599855}"
EndProject
Global
	GlobalSection(SolutionConfigurationPlatforms) = preSolution
		Debug|Any CPU = Debug|Any CPU
		Release|Any CPU = Release|Any CPU
	EndGlobalSection
	GlobalSection(ProjectConfigurationPlatforms) = postSolution
		{CDC36BF2-FA4F-497C-B7F8-27EC3C599855}.Debug|Any CPU.ActiveCfg = Debug|Any CPU
		{CDC36BF2-FA4F-497C-B7F8-27EC3C599855}.Debug|Any CPU.Build.0 = Debug|Any CPU
		{CDC36BF2-FA4F-497C-B7F8-27EC3C599855}.Release|Any CPU.ActiveCfg = Release|Any CPU
		{CDC36BF2-FA4F-497C-B7F8-27EC3C599855}.Release|Any CPU.Build.0 = Release|Any CPU
	EndGlobalSection
	GlobalSection(SolutionProperties) = preSolution
		HideSolutionNode = FALSE
	EndGlobalSection
	GlobalSection(ExtensibilityGlobals) = postSolution
		SolutionGuid = {36DBA01A-F159-423E-BF63-4DB49F6815B9}
	EndGlobalSection
EndGlobal
